
Microsoft Visual Studio Solution File, Format Version 12.00
# Visual Studio Version 16
VisualStudioVersion = 16.0.31005.135
MinimumVisualStudioVersion = 10.0.40219.1
Project("{FAE04EC0-301F-11D3-BF4B-00C04F79EFBC}") = "SweeftIntern", "SweeftIntern\SweeftIntern.csproj", "{4D02AE5E-D3B6-4227-A0A5-985EDC11745E}"
EndProject
Global
	GlobalSection(SolutionConfigurationPlatforms) = preSolution
		Debug|Any CPU = Debug|Any CPU
		Release|Any CPU = Release|Any CPU
	EndGlobalSection
	GlobalSection(ProjectConfigurationPlatforms) = postSolution
		{4D02AE5E-D3B6-4227-A0A5-985EDC11745E}.Debug|Any CPU.ActiveCfg = Debug|Any CPU
		{4D02AE5E-D3B6-4227-A0A5-985EDC11745E}.Debug|Any CPU.Build.0 = Debug|Any CPU
		{4D02AE5E-D3B6-4227-A0A5-985EDC11745E}.Release|Any CPU.ActiveCfg = Release|Any CPU
		{4D02AE5E-D3B6-4227-A0A5-985EDC11745E}.Release|Any CPU.Build.0 = Release|Any CPU
	EndGlobalSection
	GlobalSection(SolutionProperties) = preSolution
		HideSolutionNode = FALSE
	EndGlobalSection
	GlobalSection(ExtensibilityGlobals) = postSolution
		SolutionGuid = {B2DBEA92-E77D-4BFE-A06D-44D9C4DCE3F5}
	EndGlobalSection
EndGlobal
